import { useEffect, useState } from "react";
import { Link } from "react-router-dom";
import api from "../api";

export default function Dashboard() {
  const [items, setItems] = useState([]);
  const [vehicles, setVehicles] = useState([]);
  const [activeTrips, setActiveTrips] = useState([]);
  const [loading, setLoading] = useState(true);

  useEffect(() => {
    let cancelled = false;
    async function load() {
      setLoading(true);
      const [itemsRes, vehiclesRes, tripsRes] = await Promise.all([
        api.get("/items"),
        api.get("/vehicles"),
        api.get("/trips", { params: { status: "out" } }),
      ]);
      if (cancelled) return;
      setItems(itemsRes.data);
      setVehicles(vehiclesRes.data);
      setActiveTrips(tripsRes.data);
      setLoading(false);
    }
    load();
    return () => {
      cancelled = true;
    };
  }, []);

  const lowStockItems = items.filter((i) => i.low_stock);
  const totalUnits = items.reduce((sum, i) => sum + i.quantity, 0);

  if (loading) return <p className="text-muted">Loading…</p>;

  return (
    <div>
      <div className="grid grid-4">
        <div className="card">
          <div className="stat-label">Items tracked</div>
          <div className="stat-value">{items.length}</div>
        </div>
        <div className="card">
          <div className="stat-label">Units on hand</div>
          <div className="stat-value">{totalUnits}</div>
        </div>
        <div className="card">
          <div className="stat-label">Vehicles</div>
          <div className="stat-value">{vehicles.length}</div>
        </div>
        <div className="card">
          <div className="stat-label">Trips out now</div>
          <div className="stat-value">{activeTrips.length}</div>
        </div>
      </div>

      <div className="section-title">Low stock items</div>
      <div className="table-wrap">
        {lowStockItems.length === 0 ? (
          <div className="empty-state">Nothing is running low — all items are above their threshold.</div>
        ) : (
          <table>
            <thead>
              <tr>
                <th>SKU</th>
                <th>Name</th>
                <th>On hand</th>
                <th>Threshold</th>
              </tr>
            </thead>
            <tbody>
              {lowStockItems.map((item) => (
                <tr key={item.id}>
                  <td>
                    <span className="sku">{item.sku}</span>
                  </td>
                  <td>{item.name}</td>
                  <td className="num">
                    {item.quantity} {item.unit}
                  </td>
                  <td className="num text-muted">{item.low_stock_threshold}</td>
                </tr>
              ))}
            </tbody>
          </table>
        )}
      </div>

      <div className="section-title">Trips currently out</div>
      <div className="table-wrap">
        {activeTrips.length === 0 ? (
          <div className="empty-state">No vehicles are out right now.</div>
        ) : (
          <table>
            <thead>
              <tr>
                <th>Trip</th>
                <th>Vehicle</th>
                <th>Taken at</th>
                <th>Notes</th>
                <th></th>
              </tr>
            </thead>
            <tbody>
              {activeTrips.map((trip) => (
                <tr key={trip.id}>
                  <td className="mono">#{trip.id}</td>
                  <td>{trip.vehicle_registration}</td>
                  <td className="text-muted">{trip.taken_at}</td>
                  <td className="text-muted">{trip.notes || "—"}</td>
                  <td>
                    <Link className="btn btn-sm" to={`/trips/${trip.id}`}>
                      View
                    </Link>
                  </td>
                </tr>
              ))}
            </tbody>
          </table>
        )}
      </div>
    </div>
  );
}
